
Microsoft Visual Studio Solution File, Format Version 12.00
# Visual Studio Version 17
VisualStudioVersion = 17.0.31912.275
MinimumVisualStudioVersion = 10.0.40219.1
Project("{9A19103F-16F7-4668-BE54-9A1E7A4F7556}") = "RaylibExtendedCS", "RaylibExtendedCS.csproj", "{4DB7DDD5-B526-42D0-B409-36CDF7B103D0}"
EndProject
Global
	GlobalSection(SolutionConfigurationPlatforms) = preSolution
		Debug|Any CPU = Debug|Any CPU
		Release|Any CPU = Release|Any CPU
	EndGlobalSection
	GlobalSection(ProjectConfigurationPlatforms) = postSolution
		{4DB7DDD5-B526-42D0-B409-36CDF7B103D0}.Debug|Any CPU.ActiveCfg = Debug|Any CPU
		{4DB7DDD5-B526-42D0-B409-36CDF7B103D0}.Debug|Any CPU.Build.0 = Debug|Any CPU
		{4DB7DDD5-B526-42D0-B409-36CDF7B103D0}.Release|Any CPU.ActiveCfg = Release|Any CPU
		{4DB7DDD5-B526-42D0-B409-36CDF7B103D0}.Release|Any CPU.Build.0 = Release|Any CPU
	EndGlobalSection
	GlobalSection(SolutionProperties) = preSolution
		HideSolutionNode = FALSE
	EndGlobalSection
	GlobalSection(ExtensibilityGlobals) = postSolution
		SolutionGuid = {89F170A2-94B1-409E-ADC3-214E9C2FC2ED}
	EndGlobalSection
EndGlobal
